// !$*UTF8*$!
{
	archiveVersion = 1;
	classes = {
	};
	objectVersion = 55;
	objects = {

/* Begin PBXBuildFile section */
		4211650C28AAFEAF00329D38 /* ProfileImageMode.swift in Sources */ = {isa = PBXBuildFile; fileRef = 4211650B28AAFEAF00329D38 /* ProfileImageMode.swift */; };
		4211650E28AAFF7300329D38 /* ImagePicker.swift in Sources */ = {isa = PBXBuildFile; fileRef = 4211650D28AAFF7300329D38 /* ImagePicker.swift */; };
		4211651328AC2BCE00329D38 /* UploadView.swift in Sources */ = {isa = PBXBuildFile; fileRef = 4211651228AC2BCE00329D38 /* UploadView.swift */; };
		4211651628AC326F00329D38 /* FirebaseRemoteConfig in Frameworks */ = {isa = PBXBuildFile; productRef = 4211651528AC326F00329D38 /* FirebaseRemoteConfig */; };
		4211651828AC326F00329D38 /* FirebaseRemoteConfigSwift-Beta in Frameworks */ = {isa = PBXBuildFile; productRef = 4211651728AC326F00329D38 /* FirebaseRemoteConfigSwift-Beta */; };
		4211651A28AC326F00329D38 /* FirebaseStorage in Frameworks */ = {isa = PBXBuildFile; productRef = 4211651928AC326F00329D38 /* FirebaseStorage */; };
		4211651C28AC326F00329D38 /* FirebaseStorageCombine-Community in Frameworks */ = {isa = PBXBuildFile; productRef = 4211651B28AC326F00329D38 /* FirebaseStorageCombine-Community */; };
		4211651E28AC326F00329D38 /* FirebaseStorageSwift-Beta in Frameworks */ = {isa = PBXBuildFile; productRef = 4211651D28AC326F00329D38 /* FirebaseStorageSwift-Beta */; };
		4211652028AC339500329D38 /* GoogleService-Info.plist in Resources */ = {isa = PBXBuildFile; fileRef = 4211651F28AC339500329D38 /* GoogleService-Info.plist */; };
		4228A5A9289CD014008A42A6 /* LoginViewController.swift in Sources */ = {isa = PBXBuildFile; fileRef = 4228A5A8289CD014008A42A6 /* LoginViewController.swift */; };
		422EEAFD289EAAB90015CC71 /* AboutViewController.swift in Sources */ = {isa = PBXBuildFile; fileRef = 422EEAFC289EAAB90015CC71 /* AboutViewController.swift */; };
		422EEB00289ED9B90015CC71 /* GuideViewController.swift in Sources */ = {isa = PBXBuildFile; fileRef = 422EEAFF289ED9B90015CC71 /* GuideViewController.swift */; };
		422EEB02289EF4A40015CC71 /* GuideDetailViewController.swift in Sources */ = {isa = PBXBuildFile; fileRef = 422EEB01289EF4A40015CC71 /* GuideDetailViewController.swift */; };
		422EEB05289FE6260015CC71 /* LocalState.swift in Sources */ = {isa = PBXBuildFile; fileRef = 422EEB04289FE6260015CC71 /* LocalState.swift */; };
		422EEB0928A14F940015CC71 /* TabViewController.swift in Sources */ = {isa = PBXBuildFile; fileRef = 422EEB0828A14F940015CC71 /* TabViewController.swift */; };
		423A2108289AD0700097C4D8 /* LoginView.swift in Sources */ = {isa = PBXBuildFile; fileRef = 423A2107289AD0700097C4D8 /* LoginView.swift */; };
		4254EC6C28A42A1C008E32B4 /* Charts in Frameworks */ = {isa = PBXBuildFile; productRef = 4254EC6B28A42A1C008E32B4 /* Charts */; };
		4254EC6E28A4730D008E32B4 /* ProfileView.swift in Sources */ = {isa = PBXBuildFile; fileRef = 4254EC6D28A4730D008E32B4 /* ProfileView.swift */; };
		42550B6128B5633100ABC953 /* ContentView.swift in Sources */ = {isa = PBXBuildFile; fileRef = 42550B6028B5633100ABC953 /* ContentView.swift */; };
		42550B6528B564DE00ABC953 /* Extensions.swift in Sources */ = {isa = PBXBuildFile; fileRef = 42550B6428B564DE00ABC953 /* Extensions.swift */; };
		42550B6728B56AB500ABC953 /* TransactionModel.swift in Sources */ = {isa = PBXBuildFile; fileRef = 42550B6628B56AB500ABC953 /* TransactionModel.swift */; };
		42550B6928B56C4200ABC953 /* PreviewData.swift in Sources */ = {isa = PBXBuildFile; fileRef = 42550B6828B56C4200ABC953 /* PreviewData.swift */; };
		42550B6B28B56D4300ABC953 /* TransactionRow.swift in Sources */ = {isa = PBXBuildFile; fileRef = 42550B6A28B56D4300ABC953 /* TransactionRow.swift */; };
		42550B6E28B5756D00ABC953 /* SwiftUIFontIcon in Frameworks */ = {isa = PBXBuildFile; productRef = 42550B6D28B5756D00ABC953 /* SwiftUIFontIcon */; };
		42550B7028B5763600ABC953 /* TransactionListViewModel.swift in Sources */ = {isa = PBXBuildFile; fileRef = 42550B6F28B5763600ABC953 /* TransactionListViewModel.swift */; };
		42550B7228B57D5900ABC953 /* RecentTransactionList.swift in Sources */ = {isa = PBXBuildFile; fileRef = 42550B7128B57D5900ABC953 /* RecentTransactionList.swift */; };
		42550B7428B597A700ABC953 /* BillsTracker.swift in Sources */ = {isa = PBXBuildFile; fileRef = 42550B7328B597A700ABC953 /* BillsTracker.swift */; };
		42550B7628B68F2700ABC953 /* TransactionList.swift in Sources */ = {isa = PBXBuildFile; fileRef = 42550B7528B68F2700ABC953 /* TransactionList.swift */; };
		42550B7928B69CD500ABC953 /* Collections in Frameworks */ = {isa = PBXBuildFile; productRef = 42550B7828B69CD500ABC953 /* Collections */; };
		42550B7C28B69FA100ABC953 /* SwiftUICharts in Frameworks */ = {isa = PBXBuildFile; productRef = 42550B7B28B69FA100ABC953 /* SwiftUICharts */; };
		42E0A7B02899EE1A00108E99 /* AppDelegate.swift in Sources */ = {isa = PBXBuildFile; fileRef = 42E0A7AF2899EE1A00108E99 /* AppDelegate.swift */; };
		42E0A7B42899EE1A00108E99 /* MainViewController.swift in Sources */ = {isa = PBXBuildFile; fileRef = 42E0A7B32899EE1A00108E99 /* MainViewController.swift */; };
		42E0A7B92899EE1C00108E99 /* Assets.xcassets in Resources */ = {isa = PBXBuildFile; fileRef = 42E0A7B82899EE1C00108E99 /* Assets.xcassets */; };
		42E0A7BC2899EE1C00108E99 /* LaunchScreen.storyboard in Resources */ = {isa = PBXBuildFile; fileRef = 42E0A7BA2899EE1C00108E99 /* LaunchScreen.storyboard */; };
/* End PBXBuildFile section */

/* Begin PBXFileReference section */
		4211650B28AAFEAF00329D38 /* ProfileImageMode.swift */ = {isa = PBXFileReference; lastKnownFileType = sourcecode.swift; path = ProfileImageMode.swift; sourceTree = "<group>"; };
		4211650D28AAFF7300329D38 /* ImagePicker.swift */ = {isa = PBXFileReference; lastKnownFileType = sourcecode.swift; path = ImagePicker.swift; sourceTree = "<group>"; };
		4211651228AC2BCE00329D38 /* UploadView.swift */ = {isa = PBXFileReference; fileEncoding = 4; lastKnownFileType = sourcecode.swift; path = UploadView.swift; sourceTree = "<group>"; };
		4211651F28AC339500329D38 /* GoogleService-Info.plist */ = {isa = PBXFileReference; fileEncoding = 4; lastKnownFileType = text.plist.xml; path = "GoogleService-Info.plist"; sourceTree = "<group>"; };
		4228A5A8289CD014008A42A6 /* LoginViewController.swift */ = {isa = PBXFileReference; lastKnownFileType = sourcecode.swift; path = LoginViewController.swift; sourceTree = "<group>"; };
		422EEAFC289EAAB90015CC71 /* AboutViewController.swift */ = {isa = PBXFileReference; lastKnownFileType = sourcecode.swift; path = AboutViewController.swift; sourceTree = "<group>"; };
		422EEAFF289ED9B90015CC71 /* GuideViewController.swift */ = {isa = PBXFileReference; lastKnownFileType = sourcecode.swift; path = GuideViewController.swift; sourceTree = "<group>"; };
		422EEB01289EF4A40015CC71 /* GuideDetailViewController.swift */ = {isa = PBXFileReference; lastKnownFileType = sourcecode.swift; path = GuideDetailViewController.swift; sourceTree = "<group>"; };
		422EEB04289FE6260015CC71 /* LocalState.swift */ = {isa = PBXFileReference; lastKnownFileType = sourcecode.swift; path = LocalState.swift; sourceTree = "<group>"; };
		422EEB0828A14F940015CC71 /* TabViewController.swift */ = {isa = PBXFileReference; lastKnownFileType = sourcecode.swift; path = TabViewController.swift; sourceTree = "<group>"; };
		423A2107289AD0700097C4D8 /* LoginView.swift */ = {isa = PBXFileReference; lastKnownFileType = sourcecode.swift; path = LoginView.swift; sourceTree = "<group>"; };
		4254EC6D28A4730D008E32B4 /* ProfileView.swift */ = {isa = PBXFileReference; lastKnownFileType = sourcecode.swift; path = ProfileView.swift; sourceTree = "<group>"; };
		42550B6028B5633100ABC953 /* ContentView.swift */ = {isa = PBXFileReference; lastKnownFileType = sourcecode.swift; path = ContentView.swift; sourceTree = "<group>"; };
		42550B6428B564DE00ABC953 /* Extensions.swift */ = {isa = PBXFileReference; lastKnownFileType = sourcecode.swift; path = Extensions.swift; sourceTree = "<group>"; };
		42550B6628B56AB500ABC953 /* TransactionModel.swift */ = {isa = PBXFileReference; lastKnownFileType = sourcecode.swift; path = TransactionModel.swift; sourceTree = "<group>"; };
		42550B6828B56C4200ABC953 /* PreviewData.swift */ = {isa = PBXFileReference; lastKnownFileType = sourcecode.swift; path = PreviewData.swift; sourceTree = "<group>"; };
		42550B6A28B56D4300ABC953 /* TransactionRow.swift */ = {isa = PBXFileReference; lastKnownFileType = sourcecode.swift; path = TransactionRow.swift; sourceTree = "<group>"; };
		42550B6F28B5763600ABC953 /* TransactionListViewModel.swift */ = {isa = PBXFileReference; lastKnownFileType = sourcecode.swift; path = TransactionListViewModel.swift; sourceTree = "<group>"; };
		42550B7128B57D5900ABC953 /* RecentTransactionList.swift */ = {isa = PBXFileReference; lastKnownFileType = sourcecode.swift; path = RecentTransactionList.swift; sourceTree = "<group>"; };
		42550B7328B597A700ABC953 /* BillsTracker.swift */ = {isa = PBXFileReference; lastKnownFileType = sourcecode.swift; path = BillsTracker.swift; sourceTree = "<group>"; };
		42550B7528B68F2700ABC953 /* TransactionList.swift */ = {isa = PBXFileReference; lastKnownFileType = sourcecode.swift; path = TransactionList.swift; sourceTree = "<group>"; };
		42E0A7AC2899EE1A00108E99 /* Read_bills.app */ = {isa = PBXFileReference; explicitFileType = wrapper.application; includeInIndex = 0; path = Read_bills.app; sourceTree = BUILT_PRODUCTS_DIR; };
		42E0A7AF2899EE1A00108E99 /* AppDelegate.swift */ = {isa = PBXFileReference; lastKnownFileType = sourcecode.swift; path = AppDelegate.swift; sourceTree = "<group>"; };
		42E0A7B32899EE1A00108E99 /* MainViewController.swift */ = {isa = PBXFileReference; lastKnownFileType = sourcecode.swift; path = MainViewController.swift; sourceTree = "<group>"; };
		42E0A7B82899EE1C00108E99 /* Assets.xcassets */ = {isa = PBXFileReference; lastKnownFileType = folder.assetcatalog; path = Assets.xcassets; sourceTree = "<group>"; };
		42E0A7BB2899EE1C00108E99 /* Base */ = {isa = PBXFileReference; lastKnownFileType = file.storyboard; name = Base; path = Base.lproj/LaunchScreen.storyboard; sourceTree = "<group>"; };
		42E0A7BD2899EE1C00108E99 /* Info.plist */ = {isa = PBXFileReference; lastKnownFileType = text.plist.xml; path = Info.plist; sourceTree = "<group>"; };
/* End PBXFileReference section */

/* Begin PBXFrameworksBuildPhase section */
		42E0A7A92899EE1A00108E99 /* Frameworks */ = {
			isa = PBXFrameworksBuildPhase;
			buildActionMask = 2147483647;
			files = (
				42550B7C28B69FA100ABC953 /* SwiftUICharts in Frameworks */,
				4254EC6C28A42A1C008E32B4 /* Charts in Frameworks */,
				4211651A28AC326F00329D38 /* FirebaseStorage in Frameworks */,
				42550B7928B69CD500ABC953 /* Collections in Frameworks */,
				4211651C28AC326F00329D38 /* FirebaseStorageCombine-Community in Frameworks */,
				4211651828AC326F00329D38 /* FirebaseRemoteConfigSwift-Beta in Frameworks */,
				4211651628AC326F00329D38 /* FirebaseRemoteConfig in Frameworks */,
				42550B6E28B5756D00ABC953 /* SwiftUIFontIcon in Frameworks */,
				4211651E28AC326F00329D38 /* FirebaseStorageSwift-Beta in Frameworks */,
			);
			runOnlyForDeploymentPostprocessing = 0;
		};
/* End PBXFrameworksBuildPhase section */

/* Begin PBXGroup section */
		4211650F28AC1B7A00329D38 /* Upload */ = {
			isa = PBXGroup;
			children = (
				4211651228AC2BCE00329D38 /* UploadView.swift */,
			);
			name = Upload;
			sourceTree = "<group>";
		};
		422EEAFB289EAA990015CC71 /* ProfileView */ = {
			isa = PBXGroup;
			children = (
				422EEAFC289EAAB90015CC71 /* AboutViewController.swift */,
				4254EC6D28A4730D008E32B4 /* ProfileView.swift */,
				4211650B28AAFEAF00329D38 /* ProfileImageMode.swift */,
				4211650D28AAFF7300329D38 /* ImagePicker.swift */,
			);
			path = ProfileView;
			sourceTree = "<group>";
		};
		422EEAFE289ED9710015CC71 /* Guide pages */ = {
			isa = PBXGroup;
			children = (
				422EEAFF289ED9B90015CC71 /* GuideViewController.swift */,
				422EEB01289EF4A40015CC71 /* GuideDetailViewController.swift */,
			);
			path = "Guide pages";
			sourceTree = "<group>";
		};
		422EEB03289FE60C0015CC71 /* Utils */ = {
			isa = PBXGroup;
			children = (
				422EEB04289FE6260015CC71 /* LocalState.swift */,
			);
			path = Utils;
			sourceTree = "<group>";
		};
		422EEB0728A14F470015CC71 /* TabView */ = {
			isa = PBXGroup;
			children = (
				422EEB0828A14F940015CC71 /* TabViewController.swift */,
			);
			path = TabView;
			sourceTree = "<group>";
		};
		423A2106289AD0450097C4D8 /* Login */ = {
			isa = PBXGroup;
			children = (
				423A2107289AD0700097C4D8 /* LoginView.swift */,
				4228A5A8289CD014008A42A6 /* LoginViewController.swift */,
			);
			path = Login;
			sourceTree = "<group>";
		};
		4254EC6428A42797008E32B4 /* ChartView */ = {
			isa = PBXGroup;
			children = (
				42550B6028B5633100ABC953 /* ContentView.swift */,
				42550B6A28B56D4300ABC953 /* TransactionRow.swift */,
				42550B6428B564DE00ABC953 /* Extensions.swift */,
				42550B6628B56AB500ABC953 /* TransactionModel.swift */,
				42550B6828B56C4200ABC953 /* PreviewData.swift */,
				42550B6F28B5763600ABC953 /* TransactionListViewModel.swift */,
				42550B7128B57D5900ABC953 /* RecentTransactionList.swift */,
				42550B7328B597A700ABC953 /* BillsTracker.swift */,
				42550B7528B68F2700ABC953 /* TransactionList.swift */,
			);
			path = ChartView;
			sourceTree = "<group>";
		};
		42E0A7A32899EE1A00108E99 = {
			isa = PBXGroup;
			children = (
				42E0A7AE2899EE1A00108E99 /* Read_bills */,
				42E0A7AD2899EE1A00108E99 /* Products */,
			);
			sourceTree = "<group>";
		};
		42E0A7AD2899EE1A00108E99 /* Products */ = {
			isa = PBXGroup;
			children = (
				42E0A7AC2899EE1A00108E99 /* Read_bills.app */,
			);
			name = Products;
			sourceTree = "<group>";
		};
		42E0A7AE2899EE1A00108E99 /* Read_bills */ = {
			isa = PBXGroup;
			children = (
				4211651F28AC339500329D38 /* GoogleService-Info.plist */,
				4211650F28AC1B7A00329D38 /* Upload */,
				4254EC6428A42797008E32B4 /* ChartView */,
				422EEB0728A14F470015CC71 /* TabView */,
				422EEB03289FE60C0015CC71 /* Utils */,
				422EEAFE289ED9710015CC71 /* Guide pages */,
				422EEAFB289EAA990015CC71 /* ProfileView */,
				423A2106289AD0450097C4D8 /* Login */,
				42E0A7AF2899EE1A00108E99 /* AppDelegate.swift */,
				42E0A7B32899EE1A00108E99 /* MainViewController.swift */,
				42E0A7B82899EE1C00108E99 /* Assets.xcassets */,
				42E0A7BA2899EE1C00108E99 /* LaunchScreen.storyboard */,
				42E0A7BD2899EE1C00108E99 /* Info.plist */,
			);
			path = Read_bills;
			sourceTree = "<group>";
		};
/* End PBXGroup section */

/* Begin PBXNativeTarget section */
		42E0A7AB2899EE1A00108E99 /* Read_bills */ = {
			isa = PBXNativeTarget;
			buildConfigurationList = 42E0A7C02899EE1C00108E99 /* Build configuration list for PBXNativeTarget "Read_bills" */;
			buildPhases = (
				42E0A7A82899EE1A00108E99 /* Sources */,
				42E0A7A92899EE1A00108E99 /* Frameworks */,
				42E0A7AA2899EE1A00108E99 /* Resources */,
			);
			buildRules = (
			);
			dependencies = (
			);
			name = Read_bills;
			packageProductDependencies = (
				4254EC6B28A42A1C008E32B4 /* Charts */,
				4211651528AC326F00329D38 /* FirebaseRemoteConfig */,
				4211651728AC326F00329D38 /* FirebaseRemoteConfigSwift-Beta */,
				4211651928AC326F00329D38 /* FirebaseStorage */,
				4211651B28AC326F00329D38 /* FirebaseStorageCombine-Community */,
				4211651D28AC326F00329D38 /* FirebaseStorageSwift-Beta */,
				42550B6D28B5756D00ABC953 /* SwiftUIFontIcon */,
				42550B7828B69CD500ABC953 /* Collections */,
				42550B7B28B69FA100ABC953 /* SwiftUICharts */,
			);
			productName = Read_bills;
			productReference = 42E0A7AC2899EE1A00108E99 /* Read_bills.app */;
			productType = "com.apple.product-type.application";
		};
/* End PBXNativeTarget section */

/* Begin PBXProject section */
		42E0A7A42899EE1A00108E99 /* Project object */ = {
			isa = PBXProject;
			attributes = {
				BuildIndependentTargetsInParallel = 1;
				LastSwiftUpdateCheck = 1300;
				LastUpgradeCheck = 1300;
				TargetAttributes = {
					42E0A7AB2899EE1A00108E99 = {
						CreatedOnToolsVersion = 13.0;
					};
				};
			};
			buildConfigurationList = 42E0A7A72899EE1A00108E99 /* Build configuration list for PBXProject "Read_bills" */;
			compatibilityVersion = "Xcode 13.0";
			developmentRegion = en;
			hasScannedForEncodings = 0;
			knownRegions = (
				en,
				Base,
			);
			mainGroup = 42E0A7A32899EE1A00108E99;
			packageReferences = (
				4254EC6A28A42A1C008E32B4 /* XCRemoteSwiftPackageReference "Charts" */,
				4211651428AC326F00329D38 /* XCRemoteSwiftPackageReference "firebase-ios-sdk" */,
				42550B6C28B5756D00ABC953 /* XCRemoteSwiftPackageReference "SwiftUIFontIcon" */,
				42550B7728B69CD500ABC953 /* XCRemoteSwiftPackageReference "swift-collections" */,
				42550B7A28B69FA000ABC953 /* XCRemoteSwiftPackageReference "ChartView" */,
			);
			productRefGroup = 42E0A7AD2899EE1A00108E99 /* Products */;
			projectDirPath = "";
			projectRoot = "";
			targets = (
				42E0A7AB2899EE1A00108E99 /* Read_bills */,
			);
		};
/* End PBXProject section */

/* Begin PBXResourcesBuildPhase section */
		42E0A7AA2899EE1A00108E99 /* Resources */ = {
			isa = PBXResourcesBuildPhase;
			buildActionMask = 2147483647;
			files = (
				42E0A7BC2899EE1C00108E99 /* LaunchScreen.storyboard in Resources */,
				42E0A7B92899EE1C00108E99 /* Assets.xcassets in Resources */,
				4211652028AC339500329D38 /* GoogleService-Info.plist in Resources */,
			);
			runOnlyForDeploymentPostprocessing = 0;
		};
/* End PBXResourcesBuildPhase section */

/* Begin PBXSourcesBuildPhase section */
		42E0A7A82899EE1A00108E99 /* Sources */ = {
			isa = PBXSourcesBuildPhase;
			buildActionMask = 2147483647;
			files = (
				4211650E28AAFF7300329D38 /* ImagePicker.swift in Sources */,
				4228A5A9289CD014008A42A6 /* LoginViewController.swift in Sources */,
				423A2108289AD0700097C4D8 /* LoginView.swift in Sources */,
				42E0A7B42899EE1A00108E99 /* MainViewController.swift in Sources */,
				42550B7628B68F2700ABC953 /* TransactionList.swift in Sources */,
				422EEAFD289EAAB90015CC71 /* AboutViewController.swift in Sources */,
				42E0A7B02899EE1A00108E99 /* AppDelegate.swift in Sources */,
				422EEB00289ED9B90015CC71 /* GuideViewController.swift in Sources */,
				42550B6728B56AB500ABC953 /* TransactionModel.swift in Sources */,
				42550B6B28B56D4300ABC953 /* TransactionRow.swift in Sources */,
				4211650C28AAFEAF00329D38 /* ProfileImageMode.swift in Sources */,
				42550B7028B5763600ABC953 /* TransactionListViewModel.swift in Sources */,
				42550B7228B57D5900ABC953 /* RecentTransactionList.swift in Sources */,
				422EEB0928A14F940015CC71 /* TabViewController.swift in Sources */,
				422EEB02289EF4A40015CC71 /* GuideDetailViewController.swift in Sources */,
				42550B6528B564DE00ABC953 /* Extensions.swift in Sources */,
				42550B6128B5633100ABC953 /* ContentView.swift in Sources */,
				42550B6928B56C4200ABC953 /* PreviewData.swift in Sources */,
				4211651328AC2BCE00329D38 /* UploadView.swift in Sources */,
				42550B7428B597A700ABC953 /* BillsTracker.swift in Sources */,
				4254EC6E28A4730D008E32B4 /* ProfileView.swift in Sources */,
				422EEB05289FE6260015CC71 /* LocalState.swift in Sources */,
			);
			runOnlyForDeploymentPostprocessing = 0;
		};
/* End PBXSourcesBuildPhase section */

/* Begin PBXVariantGroup section */
		42E0A7BA2899EE1C00108E99 /* LaunchScreen.storyboard */ = {
			isa = PBXVariantGroup;
			children = (
				42E0A7BB2899EE1C00108E99 /* Base */,
			);
			name = LaunchScreen.storyboard;
			sourceTree = "<group>";
		};
/* End PBXVariantGroup section */

/* Begin XCBuildConfiguration section */
		42E0A7BE2899EE1C00108E99 /* Debug */ = {
			isa = XCBuildConfiguration;
			buildSettings = {
				ALWAYS_SEARCH_USER_PATHS = NO;
				CLANG_ANALYZER_NONNULL = YES;
				CLANG_ANALYZER_NUMBER_OBJECT_CONVERSION = YES_AGGRESSIVE;
				CLANG_CXX_LANGUAGE_STANDARD = "gnu++17";
				CLANG_CXX_LIBRARY = "libc++";
				CLANG_ENABLE_MODULES = YES;
				CLANG_ENABLE_OBJC_ARC = YES;
				CLANG_ENABLE_OBJC_WEAK = YES;
				CLANG_WARN_BLOCK_CAPTURE_AUTORELEASING = YES;
				CLANG_WARN_BOOL_CONVERSION = YES;
				CLANG_WARN_COMMA = YES;
				CLANG_WARN_CONSTANT_CONVERSION = YES;
				CLANG_WARN_DEPRECATED_OBJC_IMPLEMENTATIONS = YES;
				CLANG_WARN_DIRECT_OBJC_ISA_USAGE = YES_ERROR;
				CLANG_WARN_DOCUMENTATION_COMMENTS = YES;
				CLANG_WARN_EMPTY_BODY = YES;
				CLANG_WARN_ENUM_CONVERSION = YES;
				CLANG_WARN_INFINITE_RECURSION = YES;
				CLANG_WARN_INT_CONVERSION = YES;
				CLANG_WARN_NON_LITERAL_NULL_CONVERSION = YES;
				CLANG_WARN_OBJC_IMPLICIT_RETAIN_SELF = YES;
				CLANG_WARN_OBJC_LITERAL_CONVERSION = YES;
				CLANG_WARN_OBJC_ROOT_CLASS = YES_ERROR;
				CLANG_WARN_QUOTED_INCLUDE_IN_FRAMEWORK_HEADER = YES;
				CLANG_WARN_RANGE_LOOP_ANALYSIS = YES;
				CLANG_WARN_STRICT_PROTOTYPES = YES;
				CLANG_WARN_SUSPICIOUS_MOVE = YES;
				CLANG_WARN_UNGUARDED_AVAILABILITY = YES_AGGRESSIVE;
				CLANG_WARN_UNREACHABLE_CODE = YES;
				CLANG_WARN__DUPLICATE_METHOD_MATCH = YES;
				COPY_PHASE_STRIP = NO;
				DEBUG_INFORMATION_FORMAT = dwarf;
				ENABLE_STRICT_OBJC_MSGSEND = YES;
				ENABLE_TESTABILITY = YES;
				GCC_C_LANGUAGE_STANDARD = gnu11;
				GCC_DYNAMIC_NO_PIC = NO;
				GCC_NO_COMMON_BLOCKS = YES;
				GCC_OPTIMIZATION_LEVEL = 0;
				GCC_PREPROCESSOR_DEFINITIONS = (
					"DEBUG=1",
					"$(inherited)",
				);
				GCC_WARN_64_TO_32_BIT_CONVERSION = YES;
				GCC_WARN_ABOUT_RETURN_TYPE = YES_ERROR;
				GCC_WARN_UNDECLARED_SELECTOR = YES;
				GCC_WARN_UNINITIALIZED_AUTOS = YES_AGGRESSIVE;
				GCC_WARN_UNUSED_FUNCTION = YES;
				GCC_WARN_UNUSED_VARIABLE = YES;
				IPHONEOS_DEPLOYMENT_TARGET = 15.0;
				MTL_ENABLE_DEBUG_INFO = INCLUDE_SOURCE;
				MTL_FAST_MATH = YES;
				ONLY_ACTIVE_ARCH = YES;
				SDKROOT = iphoneos;
				SWIFT_ACTIVE_COMPILATION_CONDITIONS = DEBUG;
				SWIFT_OPTIMIZATION_LEVEL = "-Onone";
			};
			name = Debug;
		};
		42E0A7BF2899EE1C00108E99 /* Release */ = {
			isa = XCBuildConfiguration;
			buildSettings = {
				ALWAYS_SEARCH_USER_PATHS = NO;
				CLANG_ANALYZER_NONNULL = YES;
				CLANG_ANALYZER_NUMBER_OBJECT_CONVERSION = YES_AGGRESSIVE;
				CLANG_CXX_LANGUAGE_STANDARD = "gnu++17";
				CLANG_CXX_LIBRARY = "libc++";
				CLANG_ENABLE_MODULES = YES;
				CLANG_ENABLE_OBJC_ARC = YES;
				CLANG_ENABLE_OBJC_WEAK = YES;
				CLANG_WARN_BLOCK_CAPTURE_AUTORELEASING = YES;
				CLANG_WARN_BOOL_CONVERSION = YES;
				CLANG_WARN_COMMA = YES;
				CLANG_WARN_CONSTANT_CONVERSION = YES;
				CLANG_WARN_DEPRECATED_OBJC_IMPLEMENTATIONS = YES;
				CLANG_WARN_DIRECT_OBJC_ISA_USAGE = YES_ERROR;
				CLANG_WARN_DOCUMENTATION_COMMENTS = YES;
				CLANG_WARN_EMPTY_BODY = YES;
				CLANG_WARN_ENUM_CONVERSION = YES;
				CLANG_WARN_INFINITE_RECURSION = YES;
				CLANG_WARN_INT_CONVERSION = YES;
				CLANG_WARN_NON_LITERAL_NULL_CONVERSION = YES;
				CLANG_WARN_OBJC_IMPLICIT_RETAIN_SELF = YES;
				CLANG_WARN_OBJC_LITERAL_CONVERSION = YES;
				CLANG_WARN_OBJC_ROOT_CLASS = YES_ERROR;
				CLANG_WARN_QUOTED_INCLUDE_IN_FRAMEWORK_HEADER = YES;
				CLANG_WARN_RANGE_LOOP_ANALYSIS = YES;
				CLANG_WARN_STRICT_PROTOTYPES = YES;
				CLANG_WARN_SUSPICIOUS_MOVE = YES;
				CLANG_WARN_UNGUARDED_AVAILABILITY = YES_AGGRESSIVE;
				CLANG_WARN_UNREACHABLE_CODE = YES;
				CLANG_WARN__DUPLICATE_METHOD_MATCH = YES;
				COPY_PHASE_STRIP = NO;
				DEBUG_INFORMATION_FORMAT = "dwarf-with-dsym";
				ENABLE_NS_ASSERTIONS = NO;
				ENABLE_STRICT_OBJC_MSGSEND = YES;
				GCC_C_LANGUAGE_STANDARD = gnu11;
				GCC_NO_COMMON_BLOCKS = YES;
				GCC_WARN_64_TO_32_BIT_CONVERSION = YES;
				GCC_WARN_ABOUT_RETURN_TYPE = YES_ERROR;
				GCC_WARN_UNDECLARED_SELECTOR = YES;
				GCC_WARN_UNINITIALIZED_AUTOS = YES_AGGRESSIVE;
				GCC_WARN_UNUSED_FUNCTION = YES;
				GCC_WARN_UNUSED_VARIABLE = YES;
				IPHONEOS_DEPLOYMENT_TARGET = 15.0;
				MTL_ENABLE_DEBUG_INFO = NO;
				MTL_FAST_MATH = YES;
				SDKROOT = iphoneos;
				SWIFT_COMPILATION_MODE = wholemodule;
				SWIFT_OPTIMIZATION_LEVEL = "-O";
				VALIDATE_PRODUCT = YES;
			};
			name = Release;
		};
		42E0A7C12899EE1C00108E99 /* Debug */ = {
			isa = XCBuildConfiguration;
			buildSettings = {
				ASSETCATALOG_COMPILER_APPICON_NAME = AppIcon;
				ASSETCATALOG_COMPILER_GLOBAL_ACCENT_COLOR_NAME = AccentColor;
				CODE_SIGN_STYLE = Automatic;
				CURRENT_PROJECT_VERSION = 1;
				GENERATE_INFOPLIST_FILE = YES;
				INFOPLIST_FILE = Read_bills/Info.plist;
				INFOPLIST_KEY_UIApplicationSupportsIndirectInputEvents = YES;
				INFOPLIST_KEY_UILaunchStoryboardName = LaunchScreen;
				INFOPLIST_KEY_UISupportedInterfaceOrientations_iPad = "UIInterfaceOrientationPortrait UIInterfaceOrientationPortraitUpsideDown UIInterfaceOrientationLandscapeLeft UIInterfaceOrientationLandscapeRight";
				INFOPLIST_KEY_UISupportedInterfaceOrientations_iPhone = "UIInterfaceOrientationPortrait UIInterfaceOrientationLandscapeLeft UIInterfaceOrientationLandscapeRight";
				LD_RUNPATH_SEARCH_PATHS = (
					"$(inherited)",
					"@executable_path/Frameworks",
				);
				MARKETING_VERSION = 1.0;
				PRODUCT_BUNDLE_IDENTIFIER = "cc.Read-bills";
				PRODUCT_NAME = "$(TARGET_NAME)";
				SWIFT_EMIT_LOC_STRINGS = YES;
				SWIFT_VERSION = 5.0;
				TARGETED_DEVICE_FAMILY = "1,2";
			};
			name = Debug;
		};
		42E0A7C22899EE1C00108E99 /* Release */ = {
			isa = XCBuildConfiguration;
			buildSettings = {
				ASSETCATALOG_COMPILER_APPICON_NAME = AppIcon;
				ASSETCATALOG_COMPILER_GLOBAL_ACCENT_COLOR_NAME = AccentColor;
				CODE_SIGN_STYLE = Automatic;
				CURRENT_PROJECT_VERSION = 1;
				GENERATE_INFOPLIST_FILE = YES;
				INFOPLIST_FILE = Read_bills/Info.plist;
				INFOPLIST_KEY_UIApplicationSupportsIndirectInputEvents = YES;
				INFOPLIST_KEY_UILaunchStoryboardName = LaunchScreen;
				INFOPLIST_KEY_UISupportedInterfaceOrientations_iPad = "UIInterfaceOrientationPortrait UIInterfaceOrientationPortraitUpsideDown UIInterfaceOrientationLandscapeLeft UIInterfaceOrientationLandscapeRight";
				INFOPLIST_KEY_UISupportedInterfaceOrientations_iPhone = "UIInterfaceOrientationPortrait UIInterfaceOrientationLandscapeLeft UIInterfaceOrientationLandscapeRight";
				LD_RUNPATH_SEARCH_PATHS = (
					"$(inherited)",
					"@executable_path/Frameworks",
				);
				MARKETING_VERSION = 1.0;
				PRODUCT_BUNDLE_IDENTIFIER = "cc.Read-bills";
				PRODUCT_NAME = "$(TARGET_NAME)";
				SWIFT_EMIT_LOC_STRINGS = YES;
				SWIFT_VERSION = 5.0;
				TARGETED_DEVICE_FAMILY = "1,2";
			};
			name = Release;
		};
/* End XCBuildConfiguration section */

/* Begin XCConfigurationList section */
		42E0A7A72899EE1A00108E99 /* Build configuration list for PBXProject "Read_bills" */ = {
			isa = XCConfigurationList;
			buildConfigurations = (
				42E0A7BE2899EE1C00108E99 /* Debug */,
				42E0A7BF2899EE1C00108E99 /* Release */,
			);
			defaultConfigurationIsVisible = 0;
			defaultConfigurationName = Release;
		};
		42E0A7C02899EE1C00108E99 /* Build configuration list for PBXNativeTarget "Read_bills" */ = {
			isa = XCConfigurationList;
			buildConfigurations = (
				42E0A7C12899EE1C00108E99 /* Debug */,
				42E0A7C22899EE1C00108E99 /* Release */,
			);
			defaultConfigurationIsVisible = 0;
			defaultConfigurationName = Release;
		};
/* End XCConfigurationList section */

/* Begin XCRemoteSwiftPackageReference section */
		4211651428AC326F00329D38 /* XCRemoteSwiftPackageReference "firebase-ios-sdk" */ = {
			isa = XCRemoteSwiftPackageReference;
			repositoryURL = "https://github.com/firebase/firebase-ios-sdk";
			requirement = {
				kind = upToNextMajorVersion;
				minimumVersion = 8.0.0;
			};
		};
		4254EC6A28A42A1C008E32B4 /* XCRemoteSwiftPackageReference "Charts" */ = {
			isa = XCRemoteSwiftPackageReference;
			repositoryURL = "https://github.com/danielgindi/Charts.git";
			requirement = {
				kind = upToNextMajorVersion;
				minimumVersion = 4.0.0;
			};
		};
		42550B6C28B5756D00ABC953 /* XCRemoteSwiftPackageReference "SwiftUIFontIcon" */ = {
			isa = XCRemoteSwiftPackageReference;
			repositoryURL = "https://github.com/huybuidac/SwiftUIFontIcon";
			requirement = {
				branch = master;
				kind = branch;
			};
		};
		42550B7728B69CD500ABC953 /* XCRemoteSwiftPackageReference "swift-collections" */ = {
			isa = XCRemoteSwiftPackageReference;
			repositoryURL = "https://github.com/apple/swift-collections.git";
			requirement = {
				kind = upToNextMajorVersion;
				minimumVersion = 1.0.2;
			};
		};
		42550B7A28B69FA000ABC953 /* XCRemoteSwiftPackageReference "ChartView" */ = {
			isa = XCRemoteSwiftPackageReference;
			repositoryURL = "https://github.com/AppPear/ChartView";
			requirement = {
				kind = exactVersion;
				version = "2.0.0-beta.2";
			};
		};
/* End XCRemoteSwiftPackageReference section */

/* Begin XCSwiftPackageProductDependency section */
		4211651528AC326F00329D38 /* FirebaseRemoteConfig */ = {
			isa = XCSwiftPackageProductDependency;
			package = 4211651428AC326F00329D38 /* XCRemoteSwiftPackageReference "firebase-ios-sdk" */;
			productName = FirebaseRemoteConfig;
		};
		4211651728AC326F00329D38 /* FirebaseRemoteConfigSwift-Beta */ = {
			isa = XCSwiftPackageProductDependency;
			package = 4211651428AC326F00329D38 /* XCRemoteSwiftPackageReference "firebase-ios-sdk" */;
			productName = "FirebaseRemoteConfigSwift-Beta";
		};
		4211651928AC326F00329D38 /* FirebaseStorage */ = {
			isa = XCSwiftPackageProductDependency;
			package = 4211651428AC326F00329D38 /* XCRemoteSwiftPackageReference "firebase-ios-sdk" */;
			productName = FirebaseStorage;
		};
		4211651B28AC326F00329D38 /* FirebaseStorageCombine-Community */ = {
			isa = XCSwiftPackageProductDependency;
			package = 4211651428AC326F00329D38 /* XCRemoteSwiftPackageReference "firebase-ios-sdk" */;
			productName = "FirebaseStorageCombine-Community";
		};
		4211651D28AC326F00329D38 /* FirebaseStorageSwift-Beta */ = {
			isa = XCSwiftPackageProductDependency;
			package = 4211651428AC326F00329D38 /* XCRemoteSwiftPackageReference "firebase-ios-sdk" */;
			productName = "FirebaseStorageSwift-Beta";
		};
		4254EC6B28A42A1C008E32B4 /* Charts */ = {
			isa = XCSwiftPackageProductDependency;
			package = 4254EC6A28A42A1C008E32B4 /* XCRemoteSwiftPackageReference "Charts" */;
			productName = Charts;
		};
		42550B6D28B5756D00ABC953 /* SwiftUIFontIcon */ = {
			isa = XCSwiftPackageProductDependency;
			package = 42550B6C28B5756D00ABC953 /* XCRemoteSwiftPackageReference "SwiftUIFontIcon" */;
			productName = SwiftUIFontIcon;
		};
		42550B7828B69CD500ABC953 /* Collections */ = {
			isa = XCSwiftPackageProductDependency;
			package = 42550B7728B69CD500ABC953 /* XCRemoteSwiftPackageReference "swift-collections" */;
			productName = Collections;
		};
		42550B7B28B69FA100ABC953 /* SwiftUICharts */ = {
			isa = XCSwiftPackageProductDependency;
			package = 42550B7A28B69FA000ABC953 /* XCRemoteSwiftPackageReference "ChartView" */;
			productName = SwiftUICharts;
		};
/* End XCSwiftPackageProductDependency section */
	};
	rootObject = 42E0A7A42899EE1A00108E99 /* Project object */;
}
